// !$*UTF8*$!
{
	archiveVersion = 1;
	classes = {
	};
	objectVersion = 46;
	objects = {

/* Begin PBXBuildFile section */
		C61627EF1A8683020001DC08 /* main.m in Sources */ = {isa = PBXBuildFile; fileRef = C61627EE1A8683020001DC08 /* main.m */; };
		C61628101A8684200001DC08 /* SampleClass.m in Sources */ = {isa = PBXBuildFile; fileRef = C616280F1A8684200001DC08 /* SampleClass.m */; };
		C63C35461AA0AB6F003EBA66 /* SampleState1.m in Sources */ = {isa = PBXBuildFile; fileRef = C63C35451AA0AB6F003EBA66 /* SampleState1.m */; };
		C63C35491AA0AB78003EBA66 /* SampleState2.m in Sources */ = {isa = PBXBuildFile; fileRef = C63C35481AA0AB78003EBA66 /* SampleState2.m */; };
		C63C354C1AA0AB81003EBA66 /* SampleSuccessFinalState.m in Sources */ = {isa = PBXBuildFile; fileRef = C63C354B1AA0AB81003EBA66 /* SampleSuccessFinalState.m */; };
		C63C35521AA0B0A5003EBA66 /* SampleCancelledFinalState.m in Sources */ = {isa = PBXBuildFile; fileRef = C63C354E1AA0B0A5003EBA66 /* SampleCancelledFinalState.m */; };
		C63C35531AA0B0A5003EBA66 /* SampleFailureFinalState.m in Sources */ = {isa = PBXBuildFile; fileRef = C63C354F1AA0B0A5003EBA66 /* SampleFailureFinalState.m */; };
		C63C35561AA0B189003EBA66 /* SampleState3.m in Sources */ = {isa = PBXBuildFile; fileRef = C63C35551AA0B189003EBA66 /* SampleState3.m */; };
		C63C35591AA0B195003EBA66 /* SampleStartState.m in Sources */ = {isa = PBXBuildFile; fileRef = C63C35581AA0B195003EBA66 /* SampleStartState.m */; };
		C63C355C1AA0BB9A003EBA66 /* SampleState4.m in Sources */ = {isa = PBXBuildFile; fileRef = C63C355B1AA0BB9A003EBA66 /* SampleState4.m */; };
		C63C35651AA0C696003EBA66 /* AVPStateMachine.m in Sources */ = {isa = PBXBuildFile; fileRef = C63C355D1AA0C696003EBA66 /* AVPStateMachine.m */; };
		C63C35661AA0C696003EBA66 /* AVPState.m in Sources */ = {isa = PBXBuildFile; fileRef = C63C355E1AA0C696003EBA66 /* AVPState.m */; };
		C63C35671AA0C696003EBA66 /* AVPTransition.m in Sources */ = {isa = PBXBuildFile; fileRef = C63C35611AA0C696003EBA66 /* AVPTransition.m */; };
		C63C35681AA0C696003EBA66 /* AVPFinalState.m in Sources */ = {isa = PBXBuildFile; fileRef = C63C35631AA0C696003EBA66 /* AVPFinalState.m */; };
		C63C356A1AA24F61003EBA66 /* libOCMock.a in Frameworks */ = {isa = PBXBuildFile; fileRef = C63C35691AA24F61003EBA66 /* libOCMock.a */; };
		C63C35A31AA251C1003EBA66 /* libOCMock.a in Frameworks */ = {isa = PBXBuildFile; fileRef = C63C35A21AA251C1003EBA66 /* libOCMock.a */; };
		C63C35A41AA251E7003EBA66 /* AVPStateMachine.m in Sources */ = {isa = PBXBuildFile; fileRef = C63C355D1AA0C696003EBA66 /* AVPStateMachine.m */; };
		C63C35A51AA251E7003EBA66 /* AVPState.m in Sources */ = {isa = PBXBuildFile; fileRef = C63C355E1AA0C696003EBA66 /* AVPState.m */; };
		C63C35A61AA251E7003EBA66 /* AVPTransition.m in Sources */ = {isa = PBXBuildFile; fileRef = C63C35611AA0C696003EBA66 /* AVPTransition.m */; };
		C63C35A71AA251E7003EBA66 /* AVPFinalState.m in Sources */ = {isa = PBXBuildFile; fileRef = C63C35631AA0C696003EBA66 /* AVPFinalState.m */; };
		C648B8391AA240170048611D /* AVPFinalStateTests.m in Sources */ = {isa = PBXBuildFile; fileRef = C648B8321AA240170048611D /* AVPFinalStateTests.m */; };
		C648B83A1AA240170048611D /* AVPStateMachineTests.m in Sources */ = {isa = PBXBuildFile; fileRef = C648B8331AA240170048611D /* AVPStateMachineTests.m */; };
		C648B83B1AA240170048611D /* AVPStateMachineValidationTests.m in Sources */ = {isa = PBXBuildFile; fileRef = C648B8341AA240170048611D /* AVPStateMachineValidationTests.m */; };
		C648B83C1AA240170048611D /* AVPStateTests.m in Sources */ = {isa = PBXBuildFile; fileRef = C648B8351AA240170048611D /* AVPStateTests.m */; };
		C648B83D1AA240170048611D /* AVPTestState.m in Sources */ = {isa = PBXBuildFile; fileRef = C648B8371AA240170048611D /* AVPTestState.m */; };
		C648B83E1AA240170048611D /* AVPTransitionTests.m in Sources */ = {isa = PBXBuildFile; fileRef = C648B8381AA240170048611D /* AVPTransitionTests.m */; };
/* End PBXBuildFile section */

/* Begin PBXCopyFilesBuildPhase section */
		C61627E91A8683020001DC08 /* CopyFiles */ = {
			isa = PBXCopyFilesBuildPhase;
			buildActionMask = 2147483647;
			dstPath = /usr/share/man/man1/;
			dstSubfolderSpec = 0;
			files = (
			);
			runOnlyForDeploymentPostprocessing = 1;
		};
/* End PBXCopyFilesBuildPhase section */

/* Begin PBXFileReference section */
		C61627EB1A8683020001DC08 /* AVPStateMachineConsoleDemo */ = {isa = PBXFileReference; explicitFileType = "compiled.mach-o.executable"; includeInIndex = 0; path = AVPStateMachineConsoleDemo; sourceTree = BUILT_PRODUCTS_DIR; };
		C61627EE1A8683020001DC08 /* main.m */ = {isa = PBXFileReference; lastKnownFileType = sourcecode.c.objc; path = main.m; sourceTree = "<group>"; };
		C616280E1A8684200001DC08 /* SampleClass.h */ = {isa = PBXFileReference; fileEncoding = 4; lastKnownFileType = sourcecode.c.h; path = SampleClass.h; sourceTree = "<group>"; };
		C616280F1A8684200001DC08 /* SampleClass.m */ = {isa = PBXFileReference; fileEncoding = 4; lastKnownFileType = sourcecode.c.objc; path = SampleClass.m; sourceTree = "<group>"; };
		C63C35441AA0AB6F003EBA66 /* SampleState1.h */ = {isa = PBXFileReference; fileEncoding = 4; lastKnownFileType = sourcecode.c.h; path = SampleState1.h; sourceTree = "<group>"; };
		C63C35451AA0AB6F003EBA66 /* SampleState1.m */ = {isa = PBXFileReference; fileEncoding = 4; lastKnownFileType = sourcecode.c.objc; path = SampleState1.m; sourceTree = "<group>"; };
		C63C35471AA0AB78003EBA66 /* SampleState2.h */ = {isa = PBXFileReference; fileEncoding = 4; lastKnownFileType = sourcecode.c.h; path = SampleState2.h; sourceTree = "<group>"; };
		C63C35481AA0AB78003EBA66 /* SampleState2.m */ = {isa = PBXFileReference; fileEncoding = 4; lastKnownFileType = sourcecode.c.objc; path = SampleState2.m; sourceTree = "<group>"; };
		C63C354A1AA0AB80003EBA66 /* SampleSuccessFinalState.h */ = {isa = PBXFileReference; fileEncoding = 4; lastKnownFileType = sourcecode.c.h; path = SampleSuccessFinalState.h; sourceTree = "<group>"; };
		C63C354B1AA0AB81003EBA66 /* SampleSuccessFinalState.m */ = {isa = PBXFileReference; fileEncoding = 4; lastKnownFileType = sourcecode.c.objc; path = SampleSuccessFinalState.m; sourceTree = "<group>"; };
		C63C354E1AA0B0A5003EBA66 /* SampleCancelledFinalState.m */ = {isa = PBXFileReference; fileEncoding = 4; lastKnownFileType = sourcecode.c.objc; path = SampleCancelledFinalState.m; sourceTree = "<group>"; };
		C63C354F1AA0B0A5003EBA66 /* SampleFailureFinalState.m */ = {isa = PBXFileReference; fileEncoding = 4; lastKnownFileType = sourcecode.c.objc; path = SampleFailureFinalState.m; sourceTree = "<group>"; };
		C63C35501AA0B0A5003EBA66 /* SampleCancelledFinalState.h */ = {isa = PBXFileReference; fileEncoding = 4; lastKnownFileType = sourcecode.c.h; path = SampleCancelledFinalState.h; sourceTree = "<group>"; };
		C63C35511AA0B0A5003EBA66 /* SampleFailureFinalState.h */ = {isa = PBXFileReference; fileEncoding = 4; lastKnownFileType = sourcecode.c.h; path = SampleFailureFinalState.h; sourceTree = "<group>"; };
		C63C35541AA0B189003EBA66 /* SampleState3.h */ = {isa = PBXFileReference; fileEncoding = 4; lastKnownFileType = sourcecode.c.h; path = SampleState3.h; sourceTree = "<group>"; };
		C63C35551AA0B189003EBA66 /* SampleState3.m */ = {isa = PBXFileReference; fileEncoding = 4; lastKnownFileType = sourcecode.c.objc; path = SampleState3.m; sourceTree = "<group>"; };
		C63C35571AA0B195003EBA66 /* SampleStartState.h */ = {isa = PBXFileReference; fileEncoding = 4; lastKnownFileType = sourcecode.c.h; path = SampleStartState.h; sourceTree = "<group>"; };
		C63C35581AA0B195003EBA66 /* SampleStartState.m */ = {isa = PBXFileReference; fileEncoding = 4; lastKnownFileType = sourcecode.c.objc; path = SampleStartState.m; sourceTree = "<group>"; };
		C63C355A1AA0BB9A003EBA66 /* SampleState4.h */ = {isa = PBXFileReference; fileEncoding = 4; lastKnownFileType = sourcecode.c.h; path = SampleState4.h; sourceTree = "<group>"; };
		C63C355B1AA0BB9A003EBA66 /* SampleState4.m */ = {isa = PBXFileReference; fileEncoding = 4; lastKnownFileType = sourcecode.c.objc; path = SampleState4.m; sourceTree = "<group>"; };
		C63C355D1AA0C696003EBA66 /* AVPStateMachine.m */ = {isa = PBXFileReference; fileEncoding = 4; lastKnownFileType = sourcecode.c.objc; name = AVPStateMachine.m; path = AVPStateMachine/AVPStateMachine.m; sourceTree = "<group>"; };
		C63C355E1AA0C696003EBA66 /* AVPState.m */ = {isa = PBXFileReference; fileEncoding = 4; lastKnownFileType = sourcecode.c.objc; name = AVPState.m; path = AVPStateMachine/AVPState.m; sourceTree = "<group>"; };
		C63C355F1AA0C696003EBA66 /* AVPStateMachine.h */ = {isa = PBXFileReference; fileEncoding = 4; lastKnownFileType = sourcecode.c.h; name = AVPStateMachine.h; path = AVPStateMachine/AVPStateMachine.h; sourceTree = "<group>"; };
		C63C35601AA0C696003EBA66 /* AVPTransition.h */ = {isa = PBXFileReference; fileEncoding = 4; lastKnownFileType = sourcecode.c.h; name = AVPTransition.h; path = AVPStateMachine/AVPTransition.h; sourceTree = "<group>"; };
		C63C35611AA0C696003EBA66 /* AVPTransition.m */ = {isa = PBXFileReference; fileEncoding = 4; lastKnownFileType = sourcecode.c.objc; name = AVPTransition.m; path = AVPStateMachine/AVPTransition.m; sourceTree = "<group>"; };
		C63C35621AA0C696003EBA66 /* AVPState.h */ = {isa = PBXFileReference; fileEncoding = 4; lastKnownFileType = sourcecode.c.h; name = AVPState.h; path = AVPStateMachine/AVPState.h; sourceTree = "<group>"; };
		C63C35631AA0C696003EBA66 /* AVPFinalState.m */ = {isa = PBXFileReference; fileEncoding = 4; lastKnownFileType = sourcecode.c.objc; name = AVPFinalState.m; path = AVPStateMachine/AVPFinalState.m; sourceTree = "<group>"; };
		C63C35641AA0C696003EBA66 /* AVPFinalState.h */ = {isa = PBXFileReference; fileEncoding = 4; lastKnownFileType = sourcecode.c.h; name = AVPFinalState.h; path = AVPStateMachine/AVPFinalState.h; sourceTree = "<group>"; };
		C63C35691AA24F61003EBA66 /* libOCMock.a */ = {isa = PBXFileReference; lastKnownFileType = archive.ar; name = libOCMock.a; path = "../../../../../Volumes/OCMock 3.1.2/iOS/libOCMock.a"; sourceTree = "<group>"; };
		C63C35991AA251C1003EBA66 /* NSNotificationCenter+OCMAdditions.h */ = {isa = PBXFileReference; fileEncoding = 4; lastKnownFileType = sourcecode.c.h; name = "NSNotificationCenter+OCMAdditions.h"; path = "usr/include/OCMock/NSNotificationCenter+OCMAdditions.h"; sourceTree = "<group>"; };
		C63C359A1AA251C1003EBA66 /* OCMArg.h */ = {isa = PBXFileReference; fileEncoding = 4; lastKnownFileType = sourcecode.c.h; name = OCMArg.h; path = usr/include/OCMock/OCMArg.h; sourceTree = "<group>"; };
		C63C359B1AA251C1003EBA66 /* OCMConstraint.h */ = {isa = PBXFileReference; fileEncoding = 4; lastKnownFileType = sourcecode.c.h; name = OCMConstraint.h; path = usr/include/OCMock/OCMConstraint.h; sourceTree = "<group>"; };
		C63C359C1AA251C1003EBA66 /* OCMLocation.h */ = {isa = PBXFileReference; fileEncoding = 4; lastKnownFileType = sourcecode.c.h; name = OCMLocation.h; path = usr/include/OCMock/OCMLocation.h; sourceTree = "<group>"; };
		C63C359D1AA251C1003EBA66 /* OCMMacroState.h */ = {isa = PBXFileReference; fileEncoding = 4; lastKnownFileType = sourcecode.c.h; name = OCMMacroState.h; path = usr/include/OCMock/OCMMacroState.h; sourceTree = "<group>"; };
		C63C359E1AA251C1003EBA66 /* OCMock.h */ = {isa = PBXFileReference; fileEncoding = 4; lastKnownFileType = sourcecode.c.h; name = OCMock.h; path = usr/include/OCMock/OCMock.h; sourceTree = "<group>"; };
		C63C359F1AA251C1003EBA66 /* OCMockObject.h */ = {isa = PBXFileReference; fileEncoding = 4; lastKnownFileType = sourcecode.c.h; name = OCMockObject.h; path = usr/include/OCMock/OCMockObject.h; sourceTree = "<group>"; };
		C63C35A01AA251C1003EBA66 /* OCMRecorder.h */ = {isa = PBXFileReference; fileEncoding = 4; lastKnownFileType = sourcecode.c.h; name = OCMRecorder.h; path = usr/include/OCMock/OCMRecorder.h; sourceTree = "<group>"; };
		C63C35A11AA251C1003EBA66 /* OCMStubRecorder.h */ = {isa = PBXFileReference; fileEncoding = 4; lastKnownFileType = sourcecode.c.h; name = OCMStubRecorder.h; path = usr/include/OCMock/OCMStubRecorder.h; sourceTree = "<group>"; };
		C63C35A21AA251C1003EBA66 /* libOCMock.a */ = {isa = PBXFileReference; lastKnownFileType = archive.ar; name = libOCMock.a; path = usr/lib/libOCMock.a; sourceTree = "<group>"; };
		C648B81D1AA23F800048611D /* AVPStateMachineTests.xctest */ = {isa = PBXFileReference; explicitFileType = wrapper.cfbundle; includeInIndex = 0; path = AVPStateMachineTests.xctest; sourceTree = BUILT_PRODUCTS_DIR; };
		C648B8201AA23F800048611D /* Info.plist */ = {isa = PBXFileReference; lastKnownFileType = text.plist.xml; path = Info.plist; sourceTree = "<group>"; };
		C648B8321AA240170048611D /* AVPFinalStateTests.m */ = {isa = PBXFileReference; fileEncoding = 4; lastKnownFileType = sourcecode.c.objc; path = AVPFinalStateTests.m; sourceTree = "<group>"; };
		C648B8331AA240170048611D /* AVPStateMachineTests.m */ = {isa = PBXFileReference; fileEncoding = 4; lastKnownFileType = sourcecode.c.objc; path = AVPStateMachineTests.m; sourceTree = "<group>"; };
		C648B8341AA240170048611D /* AVPStateMachineValidationTests.m */ = {isa = PBXFileReference; fileEncoding = 4; lastKnownFileType = sourcecode.c.objc; path = AVPStateMachineValidationTests.m; sourceTree = "<group>"; };
		C648B8351AA240170048611D /* AVPStateTests.m */ = {isa = PBXFileReference; fileEncoding = 4; lastKnownFileType = sourcecode.c.objc; path = AVPStateTests.m; sourceTree = "<group>"; };
		C648B8361AA240170048611D /* AVPTestState.h */ = {isa = PBXFileReference; fileEncoding = 4; lastKnownFileType = sourcecode.c.h; path = AVPTestState.h; sourceTree = "<group>"; };
		C648B8371AA240170048611D /* AVPTestState.m */ = {isa = PBXFileReference; fileEncoding = 4; lastKnownFileType = sourcecode.c.objc; path = AVPTestState.m; sourceTree = "<group>"; };
		C648B8381AA240170048611D /* AVPTransitionTests.m */ = {isa = PBXFileReference; fileEncoding = 4; lastKnownFileType = sourcecode.c.objc; path = AVPTransitionTests.m; sourceTree = "<group>"; };
/* End PBXFileReference section */

/* Begin PBXFrameworksBuildPhase section */
		C61627E81A8683020001DC08 /* Frameworks */ = {
			isa = PBXFrameworksBuildPhase;
			buildActionMask = 2147483647;
			files = (
			);
			runOnlyForDeploymentPostprocessing = 0;
		};
		C648B81A1AA23F800048611D /* Frameworks */ = {
			isa = PBXFrameworksBuildPhase;
			buildActionMask = 2147483647;
			files = (
				C63C356A1AA24F61003EBA66 /* libOCMock.a in Frameworks */,
				C63C35A31AA251C1003EBA66 /* libOCMock.a in Frameworks */,
			);
			runOnlyForDeploymentPostprocessing = 0;
		};
/* End PBXFrameworksBuildPhase section */

/* Begin PBXGroup section */
		C61627E21A8683020001DC08 = {
			isa = PBXGroup;
			children = (
				C63C35691AA24F61003EBA66 /* libOCMock.a */,
				C61628011A8683D00001DC08 /* AVPStateMachine */,
				C61627ED1A8683020001DC08 /* AVPStateMachineConsoleDemo */,
				C648B81E1AA23F800048611D /* AVPStateMachineTests */,
				C61627EC1A8683020001DC08 /* Products */,
			);
			sourceTree = "<group>";
		};
		C61627EC1A8683020001DC08 /* Products */ = {
			isa = PBXGroup;
			children = (
				C61627EB1A8683020001DC08 /* AVPStateMachineConsoleDemo */,
				C648B81D1AA23F800048611D /* AVPStateMachineTests.xctest */,
			);
			name = Products;
			sourceTree = "<group>";
		};
		C61627ED1A8683020001DC08 /* AVPStateMachineConsoleDemo */ = {
			isa = PBXGroup;
			children = (
				C63C354D1AA0AF5A003EBA66 /* Example */,
				C61627EE1A8683020001DC08 /* main.m */,
			);
			path = AVPStateMachineConsoleDemo;
			sourceTree = "<group>";
		};
		C61628011A8683D00001DC08 /* AVPStateMachine */ = {
			isa = PBXGroup;
			children = (
				C63C355F1AA0C696003EBA66 /* AVPStateMachine.h */,
				C63C355D1AA0C696003EBA66 /* AVPStateMachine.m */,
				C63C35621AA0C696003EBA66 /* AVPState.h */,
				C63C355E1AA0C696003EBA66 /* AVPState.m */,
				C63C35601AA0C696003EBA66 /* AVPTransition.h */,
				C63C35611AA0C696003EBA66 /* AVPTransition.m */,
				C63C35641AA0C696003EBA66 /* AVPFinalState.h */,
				C63C35631AA0C696003EBA66 /* AVPFinalState.m */,
			);
			name = AVPStateMachine;
			sourceTree = "<group>";
		};
		C61628111A8684EA0001DC08 /* Custom States */ = {
			isa = PBXGroup;
			children = (
				C63C35571AA0B195003EBA66 /* SampleStartState.h */,
				C63C35581AA0B195003EBA66 /* SampleStartState.m */,
				C63C35441AA0AB6F003EBA66 /* SampleState1.h */,
				C63C35451AA0AB6F003EBA66 /* SampleState1.m */,
				C63C35471AA0AB78003EBA66 /* SampleState2.h */,
				C63C35481AA0AB78003EBA66 /* SampleState2.m */,
				C63C35541AA0B189003EBA66 /* SampleState3.h */,
				C63C35551AA0B189003EBA66 /* SampleState3.m */,
				C63C355A1AA0BB9A003EBA66 /* SampleState4.h */,
				C63C355B1AA0BB9A003EBA66 /* SampleState4.m */,
				C63C354A1AA0AB80003EBA66 /* SampleSuccessFinalState.h */,
				C63C354B1AA0AB81003EBA66 /* SampleSuccessFinalState.m */,
				C63C35501AA0B0A5003EBA66 /* SampleCancelledFinalState.h */,
				C63C354E1AA0B0A5003EBA66 /* SampleCancelledFinalState.m */,
				C63C35511AA0B0A5003EBA66 /* SampleFailureFinalState.h */,
				C63C354F1AA0B0A5003EBA66 /* SampleFailureFinalState.m */,
			);
			name = "Custom States";
			sourceTree = "<group>";
		};
		C63C354D1AA0AF5A003EBA66 /* Example */ = {
			isa = PBXGroup;
			children = (
				C61628111A8684EA0001DC08 /* Custom States */,
				C616280E1A8684200001DC08 /* SampleClass.h */,
				C616280F1A8684200001DC08 /* SampleClass.m */,
			);
			name = Example;
			sourceTree = "<group>";
		};
		C63C35891AA25127003EBA66 /* OCMock */ = {
			isa = PBXGroup;
			children = (
				C63C35991AA251C1003EBA66 /* NSNotificationCenter+OCMAdditions.h */,
				C63C359A1AA251C1003EBA66 /* OCMArg.h */,
				C63C359B1AA251C1003EBA66 /* OCMConstraint.h */,
				C63C359C1AA251C1003EBA66 /* OCMLocation.h */,
				C63C359D1AA251C1003EBA66 /* OCMMacroState.h */,
				C63C359E1AA251C1003EBA66 /* OCMock.h */,
				C63C359F1AA251C1003EBA66 /* OCMockObject.h */,
				C63C35A01AA251C1003EBA66 /* OCMRecorder.h */,
				C63C35A11AA251C1003EBA66 /* OCMStubRecorder.h */,
				C63C35A21AA251C1003EBA66 /* libOCMock.a */,
			);
			name = OCMock;
			sourceTree = "<group>";
		};
		C648B81E1AA23F800048611D /* AVPStateMachineTests */ = {
			isa = PBXGroup;
			children = (
				C648B8321AA240170048611D /* AVPFinalStateTests.m */,
				C648B8331AA240170048611D /* AVPStateMachineTests.m */,
				C648B8341AA240170048611D /* AVPStateMachineValidationTests.m */,
				C648B8351AA240170048611D /* AVPStateTests.m */,
				C648B8361AA240170048611D /* AVPTestState.h */,
				C648B8371AA240170048611D /* AVPTestState.m */,
				C648B8381AA240170048611D /* AVPTransitionTests.m */,
				C648B81F1AA23F800048611D /* Supporting Files */,
			);
			path = AVPStateMachineTests;
			sourceTree = "<group>";
		};
		C648B81F1AA23F800048611D /* Supporting Files */ = {
			isa = PBXGroup;
			children = (
				C63C35891AA25127003EBA66 /* OCMock */,
				C648B8201AA23F800048611D /* Info.plist */,
			);
			name = "Supporting Files";
			sourceTree = "<group>";
		};
/* End PBXGroup section */

/* Begin PBXNativeTarget section */
		C61627EA1A8683020001DC08 /* AVPStateMachineConsoleDemo */ = {
			isa = PBXNativeTarget;
			buildConfigurationList = C61627F21A8683020001DC08 /* Build configuration list for PBXNativeTarget "AVPStateMachineConsoleDemo" */;
			buildPhases = (
				C61627E71A8683020001DC08 /* Sources */,
				C61627E81A8683020001DC08 /* Frameworks */,
				C61627E91A8683020001DC08 /* CopyFiles */,
			);
			buildRules = (
			);
			dependencies = (
			);
			name = AVPStateMachineConsoleDemo;
			productName = AVPStateMachineConsoleDemo;
			productReference = C61627EB1A8683020001DC08 /* AVPStateMachineConsoleDemo */;
			productType = "com.apple.product-type.tool";
		};
		C648B81C1AA23F800048611D /* AVPStateMachineTests */ = {
			isa = PBXNativeTarget;
			buildConfigurationList = C648B8251AA23F800048611D /* Build configuration list for PBXNativeTarget "AVPStateMachineTests" */;
			buildPhases = (
				C648B8191AA23F800048611D /* Sources */,
				C648B81A1AA23F800048611D /* Frameworks */,
				C648B81B1AA23F800048611D /* Resources */,
			);
			buildRules = (
			);
			dependencies = (
			);
			name = AVPStateMachineTests;
			productName = AVPStateMachineTests;
			productReference = C648B81D1AA23F800048611D /* AVPStateMachineTests.xctest */;
			productType = "com.apple.product-type.bundle.unit-test";
		};
/* End PBXNativeTarget section */

/* Begin PBXProject section */
		C61627E31A8683020001DC08 /* Project object */ = {
			isa = PBXProject;
			attributes = {
				LastUpgradeCheck = 0610;
				ORGANIZATIONNAME = TestOrg;
				TargetAttributes = {
					C61627EA1A8683020001DC08 = {
						CreatedOnToolsVersion = 6.1;
					};
					C648B81C1AA23F800048611D = {
						CreatedOnToolsVersion = 6.1;
					};
				};
			};
			buildConfigurationList = C61627E61A8683020001DC08 /* Build configuration list for PBXProject "AVPStateMachineConsoleDemo" */;
			compatibilityVersion = "Xcode 3.2";
			developmentRegion = English;
			hasScannedForEncodings = 0;
			knownRegions = (
				en,
			);
			mainGroup = C61627E21A8683020001DC08;
			productRefGroup = C61627EC1A8683020001DC08 /* Products */;
			projectDirPath = "";
			projectRoot = "";
			targets = (
				C61627EA1A8683020001DC08 /* AVPStateMachineConsoleDemo */,
				C648B81C1AA23F800048611D /* AVPStateMachineTests */,
			);
		};
/* End PBXProject section */

/* Begin PBXResourcesBuildPhase section */
		C648B81B1AA23F800048611D /* Resources */ = {
			isa = PBXResourcesBuildPhase;
			buildActionMask = 2147483647;
			files = (
			);
			runOnlyForDeploymentPostprocessing = 0;
		};
/* End PBXResourcesBuildPhase section */

/* Begin PBXSourcesBuildPhase section */
		C61627E71A8683020001DC08 /* Sources */ = {
			isa = PBXSourcesBuildPhase;
			buildActionMask = 2147483647;
			files = (
				C63C354C1AA0AB81003EBA66 /* SampleSuccessFinalState.m in Sources */,
				C63C35461AA0AB6F003EBA66 /* SampleState1.m in Sources */,
				C63C35591AA0B195003EBA66 /* SampleStartState.m in Sources */,
				C63C355C1AA0BB9A003EBA66 /* SampleState4.m in Sources */,
				C63C35681AA0C696003EBA66 /* AVPFinalState.m in Sources */,
				C63C35561AA0B189003EBA66 /* SampleState3.m in Sources */,
				C63C35661AA0C696003EBA66 /* AVPState.m in Sources */,
				C61627EF1A8683020001DC08 /* main.m in Sources */,
				C63C35671AA0C696003EBA66 /* AVPTransition.m in Sources */,
				C61628101A8684200001DC08 /* SampleClass.m in Sources */,
				C63C35521AA0B0A5003EBA66 /* SampleCancelledFinalState.m in Sources */,
				C63C35651AA0C696003EBA66 /* AVPStateMachine.m in Sources */,
				C63C35531AA0B0A5003EBA66 /* SampleFailureFinalState.m in Sources */,
				C63C35491AA0AB78003EBA66 /* SampleState2.m in Sources */,
			);
			runOnlyForDeploymentPostprocessing = 0;
		};
		C648B8191AA23F800048611D /* Sources */ = {
			isa = PBXSourcesBuildPhase;
			buildActionMask = 2147483647;
			files = (
				C648B83C1AA240170048611D /* AVPStateTests.m in Sources */,
				C648B83D1AA240170048611D /* AVPTestState.m in Sources */,
				C648B8391AA240170048611D /* AVPFinalStateTests.m in Sources */,
				C63C35A41AA251E7003EBA66 /* AVPStateMachine.m in Sources */,
				C648B83E1AA240170048611D /* AVPTransitionTests.m in Sources */,
				C63C35A51AA251E7003EBA66 /* AVPState.m in Sources */,
				C63C35A61AA251E7003EBA66 /* AVPTransition.m in Sources */,
				C648B83A1AA240170048611D /* AVPStateMachineTests.m in Sources */,
				C63C35A71AA251E7003EBA66 /* AVPFinalState.m in Sources */,
				C648B83B1AA240170048611D /* AVPStateMachineValidationTests.m in Sources */,
			);
			runOnlyForDeploymentPostprocessing = 0;
		};
/* End PBXSourcesBuildPhase section */

/* Begin XCBuildConfiguration section */
		C61627F01A8683020001DC08 /* Debug */ = {
			isa = XCBuildConfiguration;
			buildSettings = {
				ALWAYS_SEARCH_USER_PATHS = NO;
				CLANG_CXX_LANGUAGE_STANDARD = "gnu++0x";
				CLANG_CXX_LIBRARY = "libc++";
				CLANG_ENABLE_MODULES = YES;
				CLANG_ENABLE_OBJC_ARC = YES;
				CLANG_WARN_BOOL_CONVERSION = YES;
				CLANG_WARN_CONSTANT_CONVERSION = YES;
				CLANG_WARN_DIRECT_OBJC_ISA_USAGE = YES_ERROR;
				CLANG_WARN_EMPTY_BODY = YES;
				CLANG_WARN_ENUM_CONVERSION = YES;
				CLANG_WARN_INT_CONVERSION = YES;
				CLANG_WARN_OBJC_ROOT_CLASS = YES_ERROR;
				CLANG_WARN_UNREACHABLE_CODE = YES;
				CLANG_WARN__DUPLICATE_METHOD_MATCH = YES;
				COPY_PHASE_STRIP = NO;
				ENABLE_STRICT_OBJC_MSGSEND = YES;
				GCC_C_LANGUAGE_STANDARD = gnu99;
				GCC_DYNAMIC_NO_PIC = NO;
				GCC_OPTIMIZATION_LEVEL = 0;
				GCC_PREPROCESSOR_DEFINITIONS = (
					"DEBUG=1",
					"$(inherited)",
				);
				GCC_SYMBOLS_PRIVATE_EXTERN = NO;
				GCC_WARN_64_TO_32_BIT_CONVERSION = YES;
				GCC_WARN_ABOUT_RETURN_TYPE = YES_ERROR;
				GCC_WARN_UNDECLARED_SELECTOR = YES;
				GCC_WARN_UNINITIALIZED_AUTOS = YES_AGGRESSIVE;
				GCC_WARN_UNUSED_FUNCTION = YES;
				GCC_WARN_UNUSED_VARIABLE = YES;
				MACOSX_DEPLOYMENT_TARGET = 10.10;
				MTL_ENABLE_DEBUG_INFO = YES;
				ONLY_ACTIVE_ARCH = YES;
				SDKROOT = macosx;
			};
			name = Debug;
		};
		C61627F11A8683020001DC08 /* Release */ = {
			isa = XCBuildConfiguration;
			buildSettings = {
				ALWAYS_SEARCH_USER_PATHS = NO;
				CLANG_CXX_LANGUAGE_STANDARD = "gnu++0x";
				CLANG_CXX_LIBRARY = "libc++";
				CLANG_ENABLE_MODULES = YES;
				CLANG_ENABLE_OBJC_ARC = YES;
				CLANG_WARN_BOOL_CONVERSION = YES;
				CLANG_WARN_CONSTANT_CONVERSION = YES;
				CLANG_WARN_DIRECT_OBJC_ISA_USAGE = YES_ERROR;
				CLANG_WARN_EMPTY_BODY = YES;
				CLANG_WARN_ENUM_CONVERSION = YES;
				CLANG_WARN_INT_CONVERSION = YES;
				CLANG_WARN_OBJC_ROOT_CLASS = YES_ERROR;
				CLANG_WARN_UNREACHABLE_CODE = YES;
				CLANG_WARN__DUPLICATE_METHOD_MATCH = YES;
				COPY_PHASE_STRIP = YES;
				DEBUG_INFORMATION_FORMAT = "dwarf-with-dsym";
				ENABLE_NS_ASSERTIONS = NO;
				ENABLE_STRICT_OBJC_MSGSEND = YES;
				GCC_C_LANGUAGE_STANDARD = gnu99;
				GCC_WARN_64_TO_32_BIT_CONVERSION = YES;
				GCC_WARN_ABOUT_RETURN_TYPE = YES_ERROR;
				GCC_WARN_UNDECLARED_SELECTOR = YES;
				GCC_WARN_UNINITIALIZED_AUTOS = YES_AGGRESSIVE;
				GCC_WARN_UNUSED_FUNCTION = YES;
				GCC_WARN_UNUSED_VARIABLE = YES;
				MACOSX_DEPLOYMENT_TARGET = 10.10;
				MTL_ENABLE_DEBUG_INFO = NO;
				SDKROOT = macosx;
			};
			name = Release;
		};
		C61627F31A8683020001DC08 /* Debug */ = {
			isa = XCBuildConfiguration;
			buildSettings = {
				PRODUCT_NAME = "$(TARGET_NAME)";
			};
			name = Debug;
		};
		C61627F41A8683020001DC08 /* Release */ = {
			isa = XCBuildConfiguration;
			buildSettings = {
				PRODUCT_NAME = "$(TARGET_NAME)";
			};
			name = Release;
		};
		C648B8231AA23F800048611D /* Debug */ = {
			isa = XCBuildConfiguration;
			buildSettings = {
				COMBINE_HIDPI_IMAGES = YES;
				FRAMEWORK_SEARCH_PATHS = (
					"$(DEVELOPER_FRAMEWORKS_DIR)",
					"$(inherited)",
				);
				GCC_PREPROCESSOR_DEFINITIONS = (
					"DEBUG=1",
					"$(inherited)",
				);
				HEADER_SEARCH_PATHS = (
					"$(inherited)",
					"/Applications/Xcode-beta\\ 2.app/Contents/Developer/Toolchains/XcodeDefault.xctoolchain/usr/include",
					"$(PROJECT_DIR)/usr/include",
				);
				INFOPLIST_FILE = AVPStateMachineTests/Info.plist;
				LD_RUNPATH_SEARCH_PATHS = "$(inherited) @executable_path/../Frameworks @loader_path/../Frameworks";
				LIBRARY_SEARCH_PATHS = (
					"$(inherited)",
					/Volumes/OCMock,
					3.1.2/iOS,
					"$(PROJECT_DIR)/AVPStateMachineTests",
					"$(PROJECT_DIR)/AVPStateMachineTests/usr/lib",
				);
				OTHER_LDFLAGS = "-ObjC";
				PRODUCT_NAME = "$(TARGET_NAME)";
			};
			name = Debug;
		};
		C648B8241AA23F800048611D /* Release */ = {
			isa = XCBuildConfiguration;
			buildSettings = {
				COMBINE_HIDPI_IMAGES = YES;
				FRAMEWORK_SEARCH_PATHS = (
					"$(DEVELOPER_FRAMEWORKS_DIR)",
					"$(inherited)",
				);
				HEADER_SEARCH_PATHS = (
					"$(inherited)",
					"/Applications/Xcode-beta\\ 2.app/Contents/Developer/Toolchains/XcodeDefault.xctoolchain/usr/include",
					"$(PROJECT_DIR)/usr/include",
				);
				INFOPLIST_FILE = AVPStateMachineTests/Info.plist;
				LD_RUNPATH_SEARCH_PATHS = "$(inherited) @executable_path/../Frameworks @loader_path/../Frameworks";
				LIBRARY_SEARCH_PATHS = (
					"$(inherited)",
					/Volumes/OCMock,
					3.1.2/iOS,
					"$(PROJECT_DIR)/AVPStateMachineTests",
					"$(PROJECT_DIR)/AVPStateMachineTests/usr/lib",
				);
				OTHER_LDFLAGS = "-ObjC";
				PRODUCT_NAME = "$(TARGET_NAME)";
			};
			name = Release;
		};
/* End XCBuildConfiguration section */

/* Begin XCConfigurationList section */
		C61627E61A8683020001DC08 /* Build configuration list for PBXProject "AVPStateMachineConsoleDemo" */ = {
			isa = XCConfigurationList;
			buildConfigurations = (
				C61627F01A8683020001DC08 /* Debug */,
				C61627F11A8683020001DC08 /* Release */,
			);
			defaultConfigurationIsVisible = 0;
			defaultConfigurationName = Release;
		};
		C61627F21A8683020001DC08 /* Build configuration list for PBXNativeTarget "AVPStateMachineConsoleDemo" */ = {
			isa = XCConfigurationList;
			buildConfigurations = (
				C61627F31A8683020001DC08 /* Debug */,
				C61627F41A8683020001DC08 /* Release */,
			);
			defaultConfigurationIsVisible = 0;
			defaultConfigurationName = Release;
		};
		C648B8251AA23F800048611D /* Build configuration list for PBXNativeTarget "AVPStateMachineTests" */ = {
			isa = XCConfigurationList;
			buildConfigurations = (
				C648B8231AA23F800048611D /* Debug */,
				C648B8241AA23F800048611D /* Release */,
			);
			defaultConfigurationIsVisible = 0;
			defaultConfigurationName = Release;
		};
/* End XCConfigurationList section */
	};
	rootObject = C61627E31A8683020001DC08 /* Project object */;
}
